// !$*UTF8*$!
{
	archiveVersion = 1;
	classes = {
	};
	objectVersion = 51;
	objects = {

/* Begin PBXBuildFile section */
		5F6A60D72689F9EA00F95162 /* AppDelegate.swift in Sources */ = {isa = PBXBuildFile; fileRef = 5F6A60D62689F9EA00F95162 /* AppDelegate.swift */; };
		5F6A60D92689F9EA00F95162 /* SceneDelegate.swift in Sources */ = {isa = PBXBuildFile; fileRef = 5F6A60D82689F9EA00F95162 /* SceneDelegate.swift */; };
		5F6A60DB2689F9EA00F95162 /* ViewController.swift in Sources */ = {isa = PBXBuildFile; fileRef = 5F6A60DA2689F9EA00F95162 /* ViewController.swift */; };
		5F6A60DE2689F9EA00F95162 /* Main.storyboard in Resources */ = {isa = PBXBuildFile; fileRef = 5F6A60DC2689F9EA00F95162 /* Main.storyboard */; };
		5F6A60E02689F9EB00F95162 /* Assets.xcassets in Resources */ = {isa = PBXBuildFile; fileRef = 5F6A60DF2689F9EB00F95162 /* Assets.xcassets */; };
		5F6A60E32689F9EB00F95162 /* LaunchScreen.storyboard in Resources */ = {isa = PBXBuildFile; fileRef = 5F6A60E12689F9EB00F95162 /* LaunchScreen.storyboard */; };
		5F90ABB3268DF8CF00276FD6 /* DesignableUITextField.swift in Sources */ = {isa = PBXBuildFile; fileRef = 5F90ABB2268DF8CF00276FD6 /* DesignableUITextField.swift */; };
		5F92C8E0269331010095F92C /* RecipeListViewController.swift in Sources */ = {isa = PBXBuildFile; fileRef = 5F92C8DF269331010095F92C /* RecipeListViewController.swift */; };
		5F92C8E226933E920095F92C /* MyCollectionViewCell.swift in Sources */ = {isa = PBXBuildFile; fileRef = 5F92C8E126933E910095F92C /* MyCollectionViewCell.swift */; };
		5F92C8E42693F6E80095F92C /* RecipeViewController.swift in Sources */ = {isa = PBXBuildFile; fileRef = 5F92C8E32693F6E80095F92C /* RecipeViewController.swift */; };
		9133BDD5269BEE6F005F8489 /* SF-Pro-Rounded-Heavy.otf in Resources */ = {isa = PBXBuildFile; fileRef = 9133BDCC269BEE6F005F8489 /* SF-Pro-Rounded-Heavy.otf */; };
		9133BDD6269BEE6F005F8489 /* SF-Pro-Rounded-Ultralight.otf in Resources */ = {isa = PBXBuildFile; fileRef = 9133BDCD269BEE6F005F8489 /* SF-Pro-Rounded-Ultralight.otf */; };
		9133BDD7269BEE6F005F8489 /* SF-Pro-Rounded-Thin.otf in Resources */ = {isa = PBXBuildFile; fileRef = 9133BDCE269BEE6F005F8489 /* SF-Pro-Rounded-Thin.otf */; };
		9133BDD8269BEE6F005F8489 /* SF-Pro-Rounded-Black.otf in Resources */ = {isa = PBXBuildFile; fileRef = 9133BDCF269BEE6F005F8489 /* SF-Pro-Rounded-Black.otf */; };
		9133BDD9269BEE6F005F8489 /* SF-Pro-Rounded-Regular.otf in Resources */ = {isa = PBXBuildFile; fileRef = 9133BDD0269BEE6F005F8489 /* SF-Pro-Rounded-Regular.otf */; };
		9133BDDA269BEE6F005F8489 /* SF-Pro-Rounded-Medium.otf in Resources */ = {isa = PBXBuildFile; fileRef = 9133BDD1269BEE6F005F8489 /* SF-Pro-Rounded-Medium.otf */; };
		9133BDDB269BEE6F005F8489 /* SF-Pro-Rounded-Bold.otf in Resources */ = {isa = PBXBuildFile; fileRef = 9133BDD2269BEE6F005F8489 /* SF-Pro-Rounded-Bold.otf */; };
		9133BDDC269BEE6F005F8489 /* SF-Pro-Rounded-Semibold.otf in Resources */ = {isa = PBXBuildFile; fileRef = 9133BDD3269BEE6F005F8489 /* SF-Pro-Rounded-Semibold.otf */; };
		9133BDDD269BEE6F005F8489 /* SF-Pro-Rounded-Light.otf in Resources */ = {isa = PBXBuildFile; fileRef = 9133BDD4269BEE6F005F8489 /* SF-Pro-Rounded-Light.otf */; };
		9133BDEB269BF603005F8489 /* DiaUiModel.swift in Sources */ = {isa = PBXBuildFile; fileRef = 9133BDEA269BF603005F8489 /* DiaUiModel.swift */; };
		9133BDEE269BFFDA005F8489 /* PlanCollectionViewCell.swift in Sources */ = {isa = PBXBuildFile; fileRef = 9133BDED269BFFDA005F8489 /* PlanCollectionViewCell.swift */; };
		913D1CBD269A103800A51245 /* PlanningViewController.swift in Sources */ = {isa = PBXBuildFile; fileRef = 913D1CBC269A103800A51245 /* PlanningViewController.swift */; };
		913D1CFB269A4B3F00A51245 /* DateModel.swift in Sources */ = {isa = PBXBuildFile; fileRef = 913D1CFA269A4B3F00A51245 /* DateModel.swift */; };
		913D1D03269A7FE800A51245 /* PlanningDateModelViewModel.swift in Sources */ = {isa = PBXBuildFile; fileRef = 913D1D02269A7FE800A51245 /* PlanningDateModelViewModel.swift */; };
		A482E6E7FEE842EE78C13E09 /* Pods_iCook.framework in Frameworks */ = {isa = PBXBuildFile; fileRef = A0D9C37DA4DC1746741B2F3E /* Pods_iCook.framework */; };
		DB0ACF21268DEEA300D735C8 /* ShoppingListViewModel.swift in Sources */ = {isa = PBXBuildFile; fileRef = DB0ACF20268DEEA300D735C8 /* ShoppingListViewModel.swift */; };
		DB0ACF2A268DF89200D735C8 /* ShoppingListItemUIModel.swift in Sources */ = {isa = PBXBuildFile; fileRef = DB0ACF29268DF89200D735C8 /* ShoppingListItemUIModel.swift */; };
		DB0ACF2C268E006700D735C8 /* RadioButton.swift in Sources */ = {isa = PBXBuildFile; fileRef = DB0ACF2B268E006700D735C8 /* RadioButton.swift */; };
		DB0ACF2E268E029500D735C8 /* ShoppingListItemCell.swift in Sources */ = {isa = PBXBuildFile; fileRef = DB0ACF2D268E029500D735C8 /* ShoppingListItemCell.swift */; };
		DBB1457B268F43DA0058BDE4 /* ShoppingListAddItemViewController.swift in Sources */ = {isa = PBXBuildFile; fileRef = DBB14579268F43DA0058BDE4 /* ShoppingListAddItemViewController.swift */; };
		DBB1457E268F5C050058BDE4 /* ShoppingListAddItemViewModel.swift in Sources */ = {isa = PBXBuildFile; fileRef = DBB1457D268F5C050058BDE4 /* ShoppingListAddItemViewModel.swift */; };
		DBF62FCA2695FA2A002461D3 /* NotificationRepository.swift in Sources */ = {isa = PBXBuildFile; fileRef = DBF62FC92695FA2A002461D3 /* NotificationRepository.swift */; };
		DBF62FCC269600E4002461D3 /* NotificationDisclaimerViewController.swift in Sources */ = {isa = PBXBuildFile; fileRef = DBF62FCB269600E4002461D3 /* NotificationDisclaimerViewController.swift */; };
		DBF76CA8268CBEBE009E5063 /* ShoppingListViewController.swift in Sources */ = {isa = PBXBuildFile; fileRef = DBF76CA7268CBEBE009E5063 /* ShoppingListViewController.swift */; };
		DBFFF72526933E7100F6D59B /* PaddingLabel.swift in Sources */ = {isa = PBXBuildFile; fileRef = DBFFF72426933E7100F6D59B /* PaddingLabel.swift */; };
		DBFFF72B2694A92B00F6D59B /* NotificationsViewController.swift in Sources */ = {isa = PBXBuildFile; fileRef = DBFFF72A2694A92B00F6D59B /* NotificationsViewController.swift */; };
		DBFFF72D2694A96D00F6D59B /* NotificationsViewModel.swift in Sources */ = {isa = PBXBuildFile; fileRef = DBFFF72C2694A96D00F6D59B /* NotificationsViewModel.swift */; };
		DBFFF72F2694A99C00F6D59B /* NotificationsUIModel.swift in Sources */ = {isa = PBXBuildFile; fileRef = DBFFF72E2694A99C00F6D59B /* NotificationsUIModel.swift */; };
/* End PBXBuildFile section */

/* Begin PBXFileReference section */
		5F6A60D32689F9EA00F95162 /* iCook.app */ = {isa = PBXFileReference; explicitFileType = wrapper.application; includeInIndex = 0; path = iCook.app; sourceTree = BUILT_PRODUCTS_DIR; };
		5F6A60D62689F9EA00F95162 /* AppDelegate.swift */ = {isa = PBXFileReference; lastKnownFileType = sourcecode.swift; path = AppDelegate.swift; sourceTree = "<group>"; };
		5F6A60D82689F9EA00F95162 /* SceneDelegate.swift */ = {isa = PBXFileReference; lastKnownFileType = sourcecode.swift; path = SceneDelegate.swift; sourceTree = "<group>"; };
		5F6A60DA2689F9EA00F95162 /* ViewController.swift */ = {isa = PBXFileReference; lastKnownFileType = sourcecode.swift; path = ViewController.swift; sourceTree = "<group>"; };
		5F6A60DD2689F9EA00F95162 /* Base */ = {isa = PBXFileReference; lastKnownFileType = file.storyboard; name = Base; path = Base.lproj/Main.storyboard; sourceTree = "<group>"; };
		5F6A60DF2689F9EB00F95162 /* Assets.xcassets */ = {isa = PBXFileReference; lastKnownFileType = folder.assetcatalog; path = Assets.xcassets; sourceTree = "<group>"; };
		5F6A60E22689F9EB00F95162 /* Base */ = {isa = PBXFileReference; lastKnownFileType = file.storyboard; name = Base; path = Base.lproj/LaunchScreen.storyboard; sourceTree = "<group>"; };
		5F6A60E42689F9EB00F95162 /* Info.plist */ = {isa = PBXFileReference; lastKnownFileType = text.plist.xml; path = Info.plist; sourceTree = "<group>"; };
		5F90ABB2268DF8CF00276FD6 /* DesignableUITextField.swift */ = {isa = PBXFileReference; lastKnownFileType = sourcecode.swift; path = DesignableUITextField.swift; sourceTree = "<group>"; };
		5F92C8DF269331010095F92C /* RecipeListViewController.swift */ = {isa = PBXFileReference; lastKnownFileType = sourcecode.swift; path = RecipeListViewController.swift; sourceTree = "<group>"; };
		5F92C8E126933E910095F92C /* MyCollectionViewCell.swift */ = {isa = PBXFileReference; lastKnownFileType = sourcecode.swift; path = MyCollectionViewCell.swift; sourceTree = "<group>"; };
		5F92C8E32693F6E80095F92C /* RecipeViewController.swift */ = {isa = PBXFileReference; lastKnownFileType = sourcecode.swift; path = RecipeViewController.swift; sourceTree = "<group>"; };
		9133BDCC269BEE6F005F8489 /* SF-Pro-Rounded-Heavy.otf */ = {isa = PBXFileReference; lastKnownFileType = file; name = "SF-Pro-Rounded-Heavy.otf"; path = "../../../../../Downloads/SF Pro Rounded/SF-Pro-Rounded-Heavy.otf"; sourceTree = "<group>"; };
		9133BDCD269BEE6F005F8489 /* SF-Pro-Rounded-Ultralight.otf */ = {isa = PBXFileReference; lastKnownFileType = file; name = "SF-Pro-Rounded-Ultralight.otf"; path = "../../../../../Downloads/SF Pro Rounded/SF-Pro-Rounded-Ultralight.otf"; sourceTree = "<group>"; };
		9133BDCE269BEE6F005F8489 /* SF-Pro-Rounded-Thin.otf */ = {isa = PBXFileReference; lastKnownFileType = file; name = "SF-Pro-Rounded-Thin.otf"; path = "../../../../../Downloads/SF Pro Rounded/SF-Pro-Rounded-Thin.otf"; sourceTree = "<group>"; };
		9133BDCF269BEE6F005F8489 /* SF-Pro-Rounded-Black.otf */ = {isa = PBXFileReference; lastKnownFileType = file; name = "SF-Pro-Rounded-Black.otf"; path = "../../../../../Downloads/SF Pro Rounded/SF-Pro-Rounded-Black.otf"; sourceTree = "<group>"; };
		9133BDD0269BEE6F005F8489 /* SF-Pro-Rounded-Regular.otf */ = {isa = PBXFileReference; lastKnownFileType = file; name = "SF-Pro-Rounded-Regular.otf"; path = "../../../../../Downloads/SF Pro Rounded/SF-Pro-Rounded-Regular.otf"; sourceTree = "<group>"; };
		9133BDD1269BEE6F005F8489 /* SF-Pro-Rounded-Medium.otf */ = {isa = PBXFileReference; lastKnownFileType = file; name = "SF-Pro-Rounded-Medium.otf"; path = "../../../../../Downloads/SF Pro Rounded/SF-Pro-Rounded-Medium.otf"; sourceTree = "<group>"; };
		9133BDD2269BEE6F005F8489 /* SF-Pro-Rounded-Bold.otf */ = {isa = PBXFileReference; lastKnownFileType = file; name = "SF-Pro-Rounded-Bold.otf"; path = "../../../../../Downloads/SF Pro Rounded/SF-Pro-Rounded-Bold.otf"; sourceTree = "<group>"; };
		9133BDD3269BEE6F005F8489 /* SF-Pro-Rounded-Semibold.otf */ = {isa = PBXFileReference; lastKnownFileType = file; name = "SF-Pro-Rounded-Semibold.otf"; path = "../../../../../Downloads/SF Pro Rounded/SF-Pro-Rounded-Semibold.otf"; sourceTree = "<group>"; };
		9133BDD4269BEE6F005F8489 /* SF-Pro-Rounded-Light.otf */ = {isa = PBXFileReference; lastKnownFileType = file; name = "SF-Pro-Rounded-Light.otf"; path = "../../../../../Downloads/SF Pro Rounded/SF-Pro-Rounded-Light.otf"; sourceTree = "<group>"; };
		9133BDEA269BF603005F8489 /* DiaUiModel.swift */ = {isa = PBXFileReference; lastKnownFileType = sourcecode.swift; path = DiaUiModel.swift; sourceTree = "<group>"; };
		9133BDED269BFFDA005F8489 /* PlanCollectionViewCell.swift */ = {isa = PBXFileReference; lastKnownFileType = sourcecode.swift; path = PlanCollectionViewCell.swift; sourceTree = "<group>"; };
		913D1CBC269A103800A51245 /* PlanningViewController.swift */ = {isa = PBXFileReference; lastKnownFileType = sourcecode.swift; path = PlanningViewController.swift; sourceTree = "<group>"; };
		913D1CFA269A4B3F00A51245 /* DateModel.swift */ = {isa = PBXFileReference; lastKnownFileType = sourcecode.swift; path = DateModel.swift; sourceTree = "<group>"; };
		913D1D02269A7FE800A51245 /* PlanningDateModelViewModel.swift */ = {isa = PBXFileReference; lastKnownFileType = sourcecode.swift; path = PlanningDateModelViewModel.swift; sourceTree = "<group>"; };
		A0D9C37DA4DC1746741B2F3E /* Pods_iCook.framework */ = {isa = PBXFileReference; explicitFileType = wrapper.framework; includeInIndex = 0; path = Pods_iCook.framework; sourceTree = BUILT_PRODUCTS_DIR; };
		B08D44095E22F263EF03A38C /* Pods-iCook.debug.xcconfig */ = {isa = PBXFileReference; includeInIndex = 1; lastKnownFileType = text.xcconfig; name = "Pods-iCook.debug.xcconfig"; path = "Target Support Files/Pods-iCook/Pods-iCook.debug.xcconfig"; sourceTree = "<group>"; };
		C50C345C15F1CCC81A617293 /* Pods-iCook.release.xcconfig */ = {isa = PBXFileReference; includeInIndex = 1; lastKnownFileType = text.xcconfig; name = "Pods-iCook.release.xcconfig"; path = "Target Support Files/Pods-iCook/Pods-iCook.release.xcconfig"; sourceTree = "<group>"; };
		DB0ACF20268DEEA300D735C8 /* ShoppingListViewModel.swift */ = {isa = PBXFileReference; lastKnownFileType = sourcecode.swift; path = ShoppingListViewModel.swift; sourceTree = "<group>"; };
		DB0ACF29268DF89200D735C8 /* ShoppingListItemUIModel.swift */ = {isa = PBXFileReference; lastKnownFileType = sourcecode.swift; path = ShoppingListItemUIModel.swift; sourceTree = "<group>"; };
		DB0ACF2B268E006700D735C8 /* RadioButton.swift */ = {isa = PBXFileReference; lastKnownFileType = sourcecode.swift; path = RadioButton.swift; sourceTree = "<group>"; };
		DB0ACF2D268E029500D735C8 /* ShoppingListItemCell.swift */ = {isa = PBXFileReference; lastKnownFileType = sourcecode.swift; path = ShoppingListItemCell.swift; sourceTree = "<group>"; };
		DBB14579268F43DA0058BDE4 /* ShoppingListAddItemViewController.swift */ = {isa = PBXFileReference; lastKnownFileType = sourcecode.swift; path = ShoppingListAddItemViewController.swift; sourceTree = "<group>"; };
		DBB1457D268F5C050058BDE4 /* ShoppingListAddItemViewModel.swift */ = {isa = PBXFileReference; lastKnownFileType = sourcecode.swift; path = ShoppingListAddItemViewModel.swift; sourceTree = "<group>"; };
		DBF62FC92695FA2A002461D3 /* NotificationRepository.swift */ = {isa = PBXFileReference; lastKnownFileType = sourcecode.swift; path = NotificationRepository.swift; sourceTree = "<group>"; };
		DBF62FCB269600E4002461D3 /* NotificationDisclaimerViewController.swift */ = {isa = PBXFileReference; lastKnownFileType = sourcecode.swift; path = NotificationDisclaimerViewController.swift; sourceTree = "<group>"; };
		DBF76CA7268CBEBE009E5063 /* ShoppingListViewController.swift */ = {isa = PBXFileReference; lastKnownFileType = sourcecode.swift; path = ShoppingListViewController.swift; sourceTree = "<group>"; };
		DBFFF72426933E7100F6D59B /* PaddingLabel.swift */ = {isa = PBXFileReference; lastKnownFileType = sourcecode.swift; path = PaddingLabel.swift; sourceTree = "<group>"; };
		DBFFF72A2694A92B00F6D59B /* NotificationsViewController.swift */ = {isa = PBXFileReference; lastKnownFileType = sourcecode.swift; path = NotificationsViewController.swift; sourceTree = "<group>"; };
		DBFFF72C2694A96D00F6D59B /* NotificationsViewModel.swift */ = {isa = PBXFileReference; lastKnownFileType = sourcecode.swift; path = NotificationsViewModel.swift; sourceTree = "<group>"; };
		DBFFF72E2694A99C00F6D59B /* NotificationsUIModel.swift */ = {isa = PBXFileReference; lastKnownFileType = sourcecode.swift; path = NotificationsUIModel.swift; sourceTree = "<group>"; };
/* End PBXFileReference section */

/* Begin PBXFrameworksBuildPhase section */
		5F6A60D02689F9EA00F95162 /* Frameworks */ = {
			isa = PBXFrameworksBuildPhase;
			buildActionMask = 2147483647;
			files = (
				A482E6E7FEE842EE78C13E09 /* Pods_iCook.framework in Frameworks */,
			);
			runOnlyForDeploymentPostprocessing = 0;
		};
/* End PBXFrameworksBuildPhase section */

/* Begin PBXGroup section */
		53EB88D9550D5D608465B737 /* Frameworks */ = {
			isa = PBXGroup;
			children = (
				A0D9C37DA4DC1746741B2F3E /* Pods_iCook.framework */,
			);
			name = Frameworks;
			sourceTree = "<group>";
		};
		5F6A60CA2689F9EA00F95162 = {
			isa = PBXGroup;
			children = (
				5F6A60D52689F9EA00F95162 /* iCook */,
				5F6A60D42689F9EA00F95162 /* Products */,
				DA9AE2C3BA32D9FF3AACFE6C /* Pods */,
				53EB88D9550D5D608465B737 /* Frameworks */,
			);
			sourceTree = "<group>";
		};
		5F6A60D42689F9EA00F95162 /* Products */ = {
			isa = PBXGroup;
			children = (
				5F6A60D32689F9EA00F95162 /* iCook.app */,
			);
			name = Products;
			sourceTree = "<group>";
		};
		5F6A60D52689F9EA00F95162 /* iCook */ = {
			isa = PBXGroup;
			children = (
				913D1CD7269A30B500A51245 /* fonts */,
				DBF62FC82695F979002461D3 /* Repositories */,
				DB0ACF22268DEF0700D735C8 /* Screens */,
				5F6A60D62689F9EA00F95162 /* AppDelegate.swift */,
				5F6A60D82689F9EA00F95162 /* SceneDelegate.swift */,
				5F6A60DA2689F9EA00F95162 /* ViewController.swift */,
				5F6A60DC2689F9EA00F95162 /* Main.storyboard */,
				5F6A60DF2689F9EB00F95162 /* Assets.xcassets */,
				5F6A60E12689F9EB00F95162 /* LaunchScreen.storyboard */,
				5F6A60E42689F9EB00F95162 /* Info.plist */,
				5F90ABB2268DF8CF00276FD6 /* DesignableUITextField.swift */,
				5F92C8DF269331010095F92C /* RecipeListViewController.swift */,
				5F92C8E126933E910095F92C /* MyCollectionViewCell.swift */,
				5F92C8E32693F6E80095F92C /* RecipeViewController.swift */,
			);
			path = iCook;
			sourceTree = "<group>";
		};
		913D1CBB269A100E00A51245 /* Planning */ = {
			isa = PBXGroup;
			children = (
				913D1D05269A849500A51245 /* ViewController */,
				913D1CFD269A7DA400A51245 /* ViewModel */,
				913D1CF5269A496400A51245 /* UIModel */,
			);
			path = Planning;
			sourceTree = "<group>";
		};
		913D1CD7269A30B500A51245 /* fonts */ = {
			isa = PBXGroup;
			children = (
				9133BDCF269BEE6F005F8489 /* SF-Pro-Rounded-Black.otf */,
				9133BDD2269BEE6F005F8489 /* SF-Pro-Rounded-Bold.otf */,
				9133BDCC269BEE6F005F8489 /* SF-Pro-Rounded-Heavy.otf */,
				9133BDD4269BEE6F005F8489 /* SF-Pro-Rounded-Light.otf */,
				9133BDD1269BEE6F005F8489 /* SF-Pro-Rounded-Medium.otf */,
				9133BDD0269BEE6F005F8489 /* SF-Pro-Rounded-Regular.otf */,
				9133BDD3269BEE6F005F8489 /* SF-Pro-Rounded-Semibold.otf */,
				9133BDCE269BEE6F005F8489 /* SF-Pro-Rounded-Thin.otf */,
				9133BDCD269BEE6F005F8489 /* SF-Pro-Rounded-Ultralight.otf */,
			);
			path = fonts;
			sourceTree = "<group>";
		};
		913D1CF5269A496400A51245 /* UIModel */ = {
			isa = PBXGroup;
			children = (
				913D1CFA269A4B3F00A51245 /* DateModel.swift */,
				9133BDEA269BF603005F8489 /* DiaUiModel.swift */,
				9133BDED269BFFDA005F8489 /* PlanCollectionViewCell.swift */,
			);
			path = UIModel;
			sourceTree = "<group>";
		};
		913D1CFD269A7DA400A51245 /* ViewModel */ = {
			isa = PBXGroup;
			children = (
				913D1D02269A7FE800A51245 /* PlanningDateModelViewModel.swift */,
			);
			path = ViewModel;
			sourceTree = "<group>";
		};
		913D1D05269A849500A51245 /* ViewController */ = {
			isa = PBXGroup;
			children = (
				913D1CBC269A103800A51245 /* PlanningViewController.swift */,
			);
			path = ViewController;
			sourceTree = "<group>";
		};
		DA9AE2C3BA32D9FF3AACFE6C /* Pods */ = {
			isa = PBXGroup;
			children = (
				B08D44095E22F263EF03A38C /* Pods-iCook.debug.xcconfig */,
				C50C345C15F1CCC81A617293 /* Pods-iCook.release.xcconfig */,
			);
			path = Pods;
			sourceTree = "<group>";
		};
		DB0ACF22268DEF0700D735C8 /* Screens */ = {
			isa = PBXGroup;
			children = (
				913D1CBB269A100E00A51245 /* Planning */,
				DBFFF726269499DE00F6D59B /* Notifications */,
				DB0ACF23268DEF0F00D735C8 /* ShoppingList */,
			);
			path = Screens;
			sourceTree = "<group>";
		};
		DB0ACF23268DEF0F00D735C8 /* ShoppingList */ = {
			isa = PBXGroup;
			children = (
				DB0ACF28268DF88000D735C8 /* UIModel */,
				DB0ACF25268DEF3400D735C8 /* ViewModel */,
				DB0ACF24268DEF2400D735C8 /* View */,
			);
			path = ShoppingList;
			sourceTree = "<group>";
		};
		DB0ACF24268DEF2400D735C8 /* View */ = {
			isa = PBXGroup;
			children = (
				DB0ACF26268DF10100D735C8 /* Cell */,
				DB0ACF27268DF10E00D735C8 /* ViewController */,
				DB0ACF2B268E006700D735C8 /* RadioButton.swift */,
				DBFFF72426933E7100F6D59B /* PaddingLabel.swift */,
			);
			path = View;
			sourceTree = "<group>";
		};
		DB0ACF25268DEF3400D735C8 /* ViewModel */ = {
			isa = PBXGroup;
			children = (
				DB0ACF20268DEEA300D735C8 /* ShoppingListViewModel.swift */,
				DBB1457D268F5C050058BDE4 /* ShoppingListAddItemViewModel.swift */,
			);
			path = ViewModel;
			sourceTree = "<group>";
		};
		DB0ACF26268DF10100D735C8 /* Cell */ = {
			isa = PBXGroup;
			children = (
				DB0ACF2D268E029500D735C8 /* ShoppingListItemCell.swift */,
			);
			path = Cell;
			sourceTree = "<group>";
		};
		DB0ACF27268DF10E00D735C8 /* ViewController */ = {
			isa = PBXGroup;
			children = (
				DBF76CA7268CBEBE009E5063 /* ShoppingListViewController.swift */,
				DBB14579268F43DA0058BDE4 /* ShoppingListAddItemViewController.swift */,
			);
			path = ViewController;
			sourceTree = "<group>";
		};
		DB0ACF28268DF88000D735C8 /* UIModel */ = {
			isa = PBXGroup;
			children = (
				DB0ACF29268DF89200D735C8 /* ShoppingListItemUIModel.swift */,
			);
			path = UIModel;
			sourceTree = "<group>";
		};
		DBF62FC82695F979002461D3 /* Repositories */ = {
			isa = PBXGroup;
			children = (
				DBF62FC92695FA2A002461D3 /* NotificationRepository.swift */,
			);
			path = Repositories;
			sourceTree = "<group>";
		};
		DBFFF726269499DE00F6D59B /* Notifications */ = {
			isa = PBXGroup;
			children = (
				DBFFF72926949A0D00F6D59B /* UIModel */,
				DBFFF72826949A0800F6D59B /* ViewModel */,
				DBFFF72726949A0300F6D59B /* View */,
			);
			path = Notifications;
			sourceTree = "<group>";
		};
		DBFFF72726949A0300F6D59B /* View */ = {
			isa = PBXGroup;
			children = (
				DBFFF72A2694A92B00F6D59B /* NotificationsViewController.swift */,
				DBF62FCB269600E4002461D3 /* NotificationDisclaimerViewController.swift */,
			);
			path = View;
			sourceTree = "<group>";
		};
		DBFFF72826949A0800F6D59B /* ViewModel */ = {
			isa = PBXGroup;
			children = (
				DBFFF72C2694A96D00F6D59B /* NotificationsViewModel.swift */,
			);
			path = ViewModel;
			sourceTree = "<group>";
		};
		DBFFF72926949A0D00F6D59B /* UIModel */ = {
			isa = PBXGroup;
			children = (
				DBFFF72E2694A99C00F6D59B /* NotificationsUIModel.swift */,
			);
			path = UIModel;
			sourceTree = "<group>";
		};
/* End PBXGroup section */

/* Begin PBXNativeTarget section */
		5F6A60D22689F9EA00F95162 /* iCook */ = {
			isa = PBXNativeTarget;
			buildConfigurationList = 5F6A60E72689F9EB00F95162 /* Build configuration list for PBXNativeTarget "iCook" */;
			buildPhases = (
				3E8165F803EC344F03225258 /* [CP] Check Pods Manifest.lock */,
				5F6A60CF2689F9EA00F95162 /* Sources */,
				5F6A60D02689F9EA00F95162 /* Frameworks */,
				5F6A60D12689F9EA00F95162 /* Resources */,
				1D1B208FA64A7535F86E9581 /* [CP] Embed Pods Frameworks */,
			);
			buildRules = (
			);
			dependencies = (
			);
			name = iCook;
			productName = iCook;
			productReference = 5F6A60D32689F9EA00F95162 /* iCook.app */;
			productType = "com.apple.product-type.application";
		};
/* End PBXNativeTarget section */

/* Begin PBXProject section */
		5F6A60CB2689F9EA00F95162 /* Project object */ = {
			isa = PBXProject;
			attributes = {
				LastSwiftUpdateCheck = 1250;
				LastUpgradeCheck = 1250;
				TargetAttributes = {
					5F6A60D22689F9EA00F95162 = {
						CreatedOnToolsVersion = 12.5;
					};
				};
			};
			buildConfigurationList = 5F6A60CE2689F9EA00F95162 /* Build configuration list for PBXProject "iCook" */;
			compatibilityVersion = "Xcode 9.3";
			developmentRegion = en;
			hasScannedForEncodings = 0;
			knownRegions = (
				en,
				Base,
			);
			mainGroup = 5F6A60CA2689F9EA00F95162;
			productRefGroup = 5F6A60D42689F9EA00F95162 /* Products */;
			projectDirPath = "";
			projectRoot = "";
			targets = (
				5F6A60D22689F9EA00F95162 /* iCook */,
			);
		};
/* End PBXProject section */

/* Begin PBXResourcesBuildPhase section */
		5F6A60D12689F9EA00F95162 /* Resources */ = {
			isa = PBXResourcesBuildPhase;
			buildActionMask = 2147483647;
			files = (
				9133BDDA269BEE6F005F8489 /* SF-Pro-Rounded-Medium.otf in Resources */,
				9133BDDD269BEE6F005F8489 /* SF-Pro-Rounded-Light.otf in Resources */,
				5F6A60E32689F9EB00F95162 /* LaunchScreen.storyboard in Resources */,
				9133BDDC269BEE6F005F8489 /* SF-Pro-Rounded-Semibold.otf in Resources */,
				5F6A60E02689F9EB00F95162 /* Assets.xcassets in Resources */,
				9133BDD5269BEE6F005F8489 /* SF-Pro-Rounded-Heavy.otf in Resources */,
				9133BDD8269BEE6F005F8489 /* SF-Pro-Rounded-Black.otf in Resources */,
				9133BDD7269BEE6F005F8489 /* SF-Pro-Rounded-Thin.otf in Resources */,
				9133BDD9269BEE6F005F8489 /* SF-Pro-Rounded-Regular.otf in Resources */,
				9133BDD6269BEE6F005F8489 /* SF-Pro-Rounded-Ultralight.otf in Resources */,
				5F6A60DE2689F9EA00F95162 /* Main.storyboard in Resources */,
				9133BDDB269BEE6F005F8489 /* SF-Pro-Rounded-Bold.otf in Resources */,
			);
			runOnlyForDeploymentPostprocessing = 0;
		};
/* End PBXResourcesBuildPhase section */

/* Begin PBXShellScriptBuildPhase section */
		1D1B208FA64A7535F86E9581 /* [CP] Embed Pods Frameworks */ = {
			isa = PBXShellScriptBuildPhase;
			buildActionMask = 2147483647;
			files = (
			);
			inputFileListPaths = (
				"${PODS_ROOT}/Target Support Files/Pods-iCook/Pods-iCook-frameworks-${CONFIGURATION}-input-files.xcfilelist",
			);
			name = "[CP] Embed Pods Frameworks";
			outputFileListPaths = (
				"${PODS_ROOT}/Target Support Files/Pods-iCook/Pods-iCook-frameworks-${CONFIGURATION}-output-files.xcfilelist",
			);
			runOnlyForDeploymentPostprocessing = 0;
			shellPath = /bin/sh;
			shellScript = "\"${PODS_ROOT}/Target Support Files/Pods-iCook/Pods-iCook-frameworks.sh\"\n";
			showEnvVarsInLog = 0;
		};
		3E8165F803EC344F03225258 /* [CP] Check Pods Manifest.lock */ = {
			isa = PBXShellScriptBuildPhase;
			buildActionMask = 2147483647;
			files = (
			);
			inputFileListPaths = (
			);
			inputPaths = (
				"${PODS_PODFILE_DIR_PATH}/Podfile.lock",
				"${PODS_ROOT}/Manifest.lock",
			);
			name = "[CP] Check Pods Manifest.lock";
			outputFileListPaths = (
			);
			outputPaths = (
				"$(DERIVED_FILE_DIR)/Pods-iCook-checkManifestLockResult.txt",
			);
			runOnlyForDeploymentPostprocessing = 0;
			shellPath = /bin/sh;
			shellScript = "diff \"${PODS_PODFILE_DIR_PATH}/Podfile.lock\" \"${PODS_ROOT}/Manifest.lock\" > /dev/null\nif [ $? != 0 ] ; then\n    # print error to STDERR\n    echo \"error: The sandbox is not in sync with the Podfile.lock. Run 'pod install' or update your CocoaPods installation.\" >&2\n    exit 1\nfi\n# This output is used by Xcode 'outputs' to avoid re-running this script phase.\necho \"SUCCESS\" > \"${SCRIPT_OUTPUT_FILE_0}\"\n";
			showEnvVarsInLog = 0;
		};
/* End PBXShellScriptBuildPhase section */

/* Begin PBXSourcesBuildPhase section */
		5F6A60CF2689F9EA00F95162 /* Sources */ = {
			isa = PBXSourcesBuildPhase;
			buildActionMask = 2147483647;
			files = (
				DBF62FCC269600E4002461D3 /* NotificationDisclaimerViewController.swift in Sources */,
				DBB1457E268F5C050058BDE4 /* ShoppingListAddItemViewModel.swift in Sources */,
				DBF62FCA2695FA2A002461D3 /* NotificationRepository.swift in Sources */,
				913D1CBD269A103800A51245 /* PlanningViewController.swift in Sources */,
				5F6A60DB2689F9EA00F95162 /* ViewController.swift in Sources */,
				9133BDEE269BFFDA005F8489 /* PlanCollectionViewCell.swift in Sources */,
				5F90ABB3268DF8CF00276FD6 /* DesignableUITextField.swift in Sources */,
				5F92C8E42693F6E80095F92C /* RecipeViewController.swift in Sources */,
				913D1CFB269A4B3F00A51245 /* DateModel.swift in Sources */,
				5F92C8E226933E920095F92C /* MyCollectionViewCell.swift in Sources */,
				5F6A60D72689F9EA00F95162 /* AppDelegate.swift in Sources */,
				9133BDEB269BF603005F8489 /* DiaUiModel.swift in Sources */,
				DBFFF72F2694A99C00F6D59B /* NotificationsUIModel.swift in Sources */,
				5F6A60D92689F9EA00F95162 /* SceneDelegate.swift in Sources */,
				DBB1457B268F43DA0058BDE4 /* ShoppingListAddItemViewController.swift in Sources */,
				913D1D03269A7FE800A51245 /* PlanningDateModelViewModel.swift in Sources */,
				DB0ACF2A268DF89200D735C8 /* ShoppingListItemUIModel.swift in Sources */,
				DB0ACF21268DEEA300D735C8 /* ShoppingListViewModel.swift in Sources */,
				DB0ACF2E268E029500D735C8 /* ShoppingListItemCell.swift in Sources */,
				DBF76CA8268CBEBE009E5063 /* ShoppingListViewController.swift in Sources */,
				DB0ACF2C268E006700D735C8 /* RadioButton.swift in Sources */,
				DBFFF72526933E7100F6D59B /* PaddingLabel.swift in Sources */,
				DBFFF72D2694A96D00F6D59B /* NotificationsViewModel.swift in Sources */,
				5F92C8E0269331010095F92C /* RecipeListViewController.swift in Sources */,
				DBFFF72B2694A92B00F6D59B /* NotificationsViewController.swift in Sources */,
			);
			runOnlyForDeploymentPostprocessing = 0;
		};
/* End PBXSourcesBuildPhase section */

/* Begin PBXVariantGroup section */
		5F6A60DC2689F9EA00F95162 /* Main.storyboard */ = {
			isa = PBXVariantGroup;
			children = (
				5F6A60DD2689F9EA00F95162 /* Base */,
			);
			name = Main.storyboard;
			sourceTree = "<group>";
		};
		5F6A60E12689F9EB00F95162 /* LaunchScreen.storyboard */ = {
			isa = PBXVariantGroup;
			children = (
				5F6A60E22689F9EB00F95162 /* Base */,
			);
			name = LaunchScreen.storyboard;
			sourceTree = "<group>";
		};
/* End PBXVariantGroup section */

/* Begin XCBuildConfiguration section */
		5F6A60E52689F9EB00F95162 /* Debug */ = {
			isa = XCBuildConfiguration;
			buildSettings = {
				ALWAYS_SEARCH_USER_PATHS = NO;
				CLANG_ANALYZER_NONNULL = YES;
				CLANG_ANALYZER_NUMBER_OBJECT_CONVERSION = YES_AGGRESSIVE;
				CLANG_CXX_LANGUAGE_STANDARD = "gnu++14";
				CLANG_CXX_LIBRARY = "libc++";
				CLANG_ENABLE_MODULES = YES;
				CLANG_ENABLE_OBJC_ARC = YES;
				CLANG_ENABLE_OBJC_WEAK = YES;
				CLANG_WARN_BLOCK_CAPTURE_AUTORELEASING = YES;
				CLANG_WARN_BOOL_CONVERSION = YES;
				CLANG_WARN_COMMA = YES;
				CLANG_WARN_CONSTANT_CONVERSION = YES;
				CLANG_WARN_DEPRECATED_OBJC_IMPLEMENTATIONS = YES;
				CLANG_WARN_DIRECT_OBJC_ISA_USAGE = YES_ERROR;
				CLANG_WARN_DOCUMENTATION_COMMENTS = YES;
				CLANG_WARN_EMPTY_BODY = YES;
				CLANG_WARN_ENUM_CONVERSION = YES;
				CLANG_WARN_INFINITE_RECURSION = YES;
				CLANG_WARN_INT_CONVERSION = YES;
				CLANG_WARN_NON_LITERAL_NULL_CONVERSION = YES;
				CLANG_WARN_OBJC_IMPLICIT_RETAIN_SELF = YES;
				CLANG_WARN_OBJC_LITERAL_CONVERSION = YES;
				CLANG_WARN_OBJC_ROOT_CLASS = YES_ERROR;
				CLANG_WARN_QUOTED_INCLUDE_IN_FRAMEWORK_HEADER = YES;
				CLANG_WARN_RANGE_LOOP_ANALYSIS = YES;
				CLANG_WARN_STRICT_PROTOTYPES = YES;
				CLANG_WARN_SUSPICIOUS_MOVE = YES;
				CLANG_WARN_UNGUARDED_AVAILABILITY = YES_AGGRESSIVE;
				CLANG_WARN_UNREACHABLE_CODE = YES;
				CLANG_WARN__DUPLICATE_METHOD_MATCH = YES;
				COPY_PHASE_STRIP = NO;
				DEBUG_INFORMATION_FORMAT = dwarf;
				ENABLE_STRICT_OBJC_MSGSEND = YES;
				ENABLE_TESTABILITY = YES;
				GCC_C_LANGUAGE_STANDARD = gnu11;
				GCC_DYNAMIC_NO_PIC = NO;
				GCC_NO_COMMON_BLOCKS = YES;
				GCC_OPTIMIZATION_LEVEL = 0;
				GCC_PREPROCESSOR_DEFINITIONS = (
					"DEBUG=1",
					"$(inherited)",
				);
				GCC_WARN_64_TO_32_BIT_CONVERSION = YES;
				GCC_WARN_ABOUT_RETURN_TYPE = YES_ERROR;
				GCC_WARN_UNDECLARED_SELECTOR = YES;
				GCC_WARN_UNINITIALIZED_AUTOS = YES_AGGRESSIVE;
				GCC_WARN_UNUSED_FUNCTION = YES;
				GCC_WARN_UNUSED_VARIABLE = YES;
				IPHONEOS_DEPLOYMENT_TARGET = 14.5;
				MTL_ENABLE_DEBUG_INFO = INCLUDE_SOURCE;
				MTL_FAST_MATH = YES;
				ONLY_ACTIVE_ARCH = YES;
				SDKROOT = iphoneos;
				SWIFT_ACTIVE_COMPILATION_CONDITIONS = DEBUG;
				SWIFT_OPTIMIZATION_LEVEL = "-Onone";
			};
			name = Debug;
		};
		5F6A60E62689F9EB00F95162 /* Release */ = {
			isa = XCBuildConfiguration;
			buildSettings = {
				ALWAYS_SEARCH_USER_PATHS = NO;
				CLANG_ANALYZER_NONNULL = YES;
				CLANG_ANALYZER_NUMBER_OBJECT_CONVERSION = YES_AGGRESSIVE;
				CLANG_CXX_LANGUAGE_STANDARD = "gnu++14";
				CLANG_CXX_LIBRARY = "libc++";
				CLANG_ENABLE_MODULES = YES;
				CLANG_ENABLE_OBJC_ARC = YES;
				CLANG_ENABLE_OBJC_WEAK = YES;
				CLANG_WARN_BLOCK_CAPTURE_AUTORELEASING = YES;
				CLANG_WARN_BOOL_CONVERSION = YES;
				CLANG_WARN_COMMA = YES;
				CLANG_WARN_CONSTANT_CONVERSION = YES;
				CLANG_WARN_DEPRECATED_OBJC_IMPLEMENTATIONS = YES;
				CLANG_WARN_DIRECT_OBJC_ISA_USAGE = YES_ERROR;
				CLANG_WARN_DOCUMENTATION_COMMENTS = YES;
				CLANG_WARN_EMPTY_BODY = YES;
				CLANG_WARN_ENUM_CONVERSION = YES;
				CLANG_WARN_INFINITE_RECURSION = YES;
				CLANG_WARN_INT_CONVERSION = YES;
				CLANG_WARN_NON_LITERAL_NULL_CONVERSION = YES;
				CLANG_WARN_OBJC_IMPLICIT_RETAIN_SELF = YES;
				CLANG_WARN_OBJC_LITERAL_CONVERSION = YES;
				CLANG_WARN_OBJC_ROOT_CLASS = YES_ERROR;
				CLANG_WARN_QUOTED_INCLUDE_IN_FRAMEWORK_HEADER = YES;
				CLANG_WARN_RANGE_LOOP_ANALYSIS = YES;
				CLANG_WARN_STRICT_PROTOTYPES = YES;
				CLANG_WARN_SUSPICIOUS_MOVE = YES;
				CLANG_WARN_UNGUARDED_AVAILABILITY = YES_AGGRESSIVE;
				CLANG_WARN_UNREACHABLE_CODE = YES;
				CLANG_WARN__DUPLICATE_METHOD_MATCH = YES;
				COPY_PHASE_STRIP = NO;
				DEBUG_INFORMATION_FORMAT = "dwarf-with-dsym";
				ENABLE_NS_ASSERTIONS = NO;
				ENABLE_STRICT_OBJC_MSGSEND = YES;
				GCC_C_LANGUAGE_STANDARD = gnu11;
				GCC_NO_COMMON_BLOCKS = YES;
				GCC_WARN_64_TO_32_BIT_CONVERSION = YES;
				GCC_WARN_ABOUT_RETURN_TYPE = YES_ERROR;
				GCC_WARN_UNDECLARED_SELECTOR = YES;
				GCC_WARN_UNINITIALIZED_AUTOS = YES_AGGRESSIVE;
				GCC_WARN_UNUSED_FUNCTION = YES;
				GCC_WARN_UNUSED_VARIABLE = YES;
				IPHONEOS_DEPLOYMENT_TARGET = 14.5;
				MTL_ENABLE_DEBUG_INFO = NO;
				MTL_FAST_MATH = YES;
				SDKROOT = iphoneos;
				SWIFT_COMPILATION_MODE = wholemodule;
				SWIFT_OPTIMIZATION_LEVEL = "-O";
				VALIDATE_PRODUCT = YES;
			};
			name = Release;
		};
		5F6A60E82689F9EB00F95162 /* Debug */ = {
			isa = XCBuildConfiguration;
			baseConfigurationReference = B08D44095E22F263EF03A38C /* Pods-iCook.debug.xcconfig */;
			buildSettings = {
				ASSETCATALOG_COMPILER_APPICON_NAME = AppIcon;
				ASSETCATALOG_COMPILER_GLOBAL_ACCENT_COLOR_NAME = AccentColor;
				CODE_SIGN_STYLE = Automatic;
				DEVELOPMENT_TEAM = WLFN74QARN;
				INFOPLIST_FILE = iCook/Info.plist;
				IPHONEOS_DEPLOYMENT_TARGET = 14.4;
				LD_RUNPATH_SEARCH_PATHS = (
					"$(inherited)",
					"@executable_path/Frameworks",
				);
				PRODUCT_BUNDLE_IDENTIFIER = vitorjmoriya.iCook;
				PRODUCT_NAME = "$(TARGET_NAME)";
				SWIFT_VERSION = 5.0;
				TARGETED_DEVICE_FAMILY = "1,2";
			};
			name = Debug;
		};
		5F6A60E92689F9EB00F95162 /* Release */ = {
			isa = XCBuildConfiguration;
			baseConfigurationReference = C50C345C15F1CCC81A617293 /* Pods-iCook.release.xcconfig */;
			buildSettings = {
				ASSETCATALOG_COMPILER_APPICON_NAME = AppIcon;
				ASSETCATALOG_COMPILER_GLOBAL_ACCENT_COLOR_NAME = AccentColor;
				CODE_SIGN_STYLE = Automatic;
				DEVELOPMENT_TEAM = WLFN74QARN;
				INFOPLIST_FILE = iCook/Info.plist;
				IPHONEOS_DEPLOYMENT_TARGET = 14.4;
				LD_RUNPATH_SEARCH_PATHS = (
					"$(inherited)",
					"@executable_path/Frameworks",
				);
				PRODUCT_BUNDLE_IDENTIFIER = vitorjmoriya.iCook;
				PRODUCT_NAME = "$(TARGET_NAME)";
				SWIFT_VERSION = 5.0;
				TARGETED_DEVICE_FAMILY = "1,2";
			};
			name = Release;
		};
/* End XCBuildConfiguration section */

/* Begin XCConfigurationList section */
		5F6A60CE2689F9EA00F95162 /* Build configuration list for PBXProject "iCook" */ = {
			isa = XCConfigurationList;
			buildConfigurations = (
				5F6A60E52689F9EB00F95162 /* Debug */,
				5F6A60E62689F9EB00F95162 /* Release */,
			);
			defaultConfigurationIsVisible = 0;
			defaultConfigurationName = Release;
		};
		5F6A60E72689F9EB00F95162 /* Build configuration list for PBXNativeTarget "iCook" */ = {
			isa = XCConfigurationList;
			buildConfigurations = (
				5F6A60E82689F9EB00F95162 /* Debug */,
				5F6A60E92689F9EB00F95162 /* Release */,
			);
			defaultConfigurationIsVisible = 0;
			defaultConfigurationName = Release;
		};
/* End XCConfigurationList section */
	};
	rootObject = 5F6A60CB2689F9EA00F95162 /* Project object */;
}
